# This file is automatically @generated by Cargo.
# It is not intended for manual editing.
version = 3

[[package]]
name = "libz-rs-sys"
version = "0.5.4"
dependencies = [
 "zlib-rs",
]

[[package]]
name = "zlib-rs"
version = "0.5.4"
source = "registry+https://github.com/rust-lang/crates.io-index"
checksum = "51f936044d677be1a1168fae1d03b583a285a5dd9d8cbf7b24c23aa1fc775235"
